
Microsoft Visual Studio Solution File, Format Version 12.00
# Visual Studio Version 16
VisualStudioVersion = 16.0.31624.102
MinimumVisualStudioVersion = 10.0.40219.1
Project("{9A19103F-16F7-4668-BE54-9A1E7A4F7556}") = "ClassLibraryTicketSystem", "ClassLibraryTicketSystem\ClassLibraryTicketSystem.csproj", "{E03253D9-5B87-43D4-A478-8ED05ED2C266}"
EndProject
Project("{9A19103F-16F7-4668-BE54-9A1E7A4F7556}") = "ClassLibraryTicketSystemTests", "ClassLibraryTicketSystemTests\ClassLibraryTicketSystemTests.csproj", "{1F495EBE-4A91-47E6-8859-11B74717AA5F}"
EndProject
Project("{9A19103F-16F7-4668-BE54-9A1E7A4F7556}") = "StoreBaeltTicketLibrary", "StoreBaeltTicketLibrary\StoreBaeltTicketLibrary.csproj", "{783B42C5-E8E1-4788-BA35-1D232BE1C713}"
EndProject
Project("{9A19103F-16F7-4668-BE54-9A1E7A4F7556}") = "OresundBron", "OresundBron\OresundBron.csproj", "{1B88E4E1-8683-4060-86F1-D390A675F6F4}"
EndProject
Project("{9A19103F-16F7-4668-BE54-9A1E7A4F7556}") = "StoreBaeltTicketLibraryTests", "StoreBaeltTicketLibraryTests\StoreBaeltTicketLibraryTests.csproj", "{B1D84BCE-C875-4465-A1A1-53506DA17DB2}"
EndProject
Project("{FAE04EC0-301F-11D3-BF4B-00C04F79EFBC}") = "OresundBronTests", "OresundBronTests\OresundBronTests.csproj", "{BA85CE8A-560C-4B22-BAC2-9261EF033B6C}"
EndProject
Global
	GlobalSection(SolutionConfigurationPlatforms) = preSolution
		Debug|Any CPU = Debug|Any CPU
		Release|Any CPU = Release|Any CPU
	EndGlobalSection
	GlobalSection(ProjectConfigurationPlatforms) = postSolution
		{E03253D9-5B87-43D4-A478-8ED05ED2C266}.Debug|Any CPU.ActiveCfg = Debug|Any CPU
		{E03253D9-5B87-43D4-A478-8ED05ED2C266}.Debug|Any CPU.Build.0 = Debug|Any CPU
		{E03253D9-5B87-43D4-A478-8ED05ED2C266}.Release|Any CPU.ActiveCfg = Release|Any CPU
		{E03253D9-5B87-43D4-A478-8ED05ED2C266}.Release|Any CPU.Build.0 = Release|Any CPU
		{1F495EBE-4A91-47E6-8859-11B74717AA5F}.Debug|Any CPU.ActiveCfg = Debug|Any CPU
		{1F495EBE-4A91-47E6-8859-11B74717AA5F}.Debug|Any CPU.Build.0 = Debug|Any CPU
		{1F495EBE-4A91-47E6-8859-11B74717AA5F}.Release|Any CPU.ActiveCfg = Release|Any CPU
		{1F495EBE-4A91-47E6-8859-11B74717AA5F}.Release|Any CPU.Build.0 = Release|Any CPU
		{783B42C5-E8E1-4788-BA35-1D232BE1C713}.Debug|Any CPU.ActiveCfg = Debug|Any CPU
		{783B42C5-E8E1-4788-BA35-1D232BE1C713}.Debug|Any CPU.Build.0 = Debug|Any CPU
		{783B42C5-E8E1-4788-BA35-1D232BE1C713}.Release|Any CPU.ActiveCfg = Release|Any CPU
		{783B42C5-E8E1-4788-BA35-1D232BE1C713}.Release|Any CPU.Build.0 = Release|Any CPU
		{1B88E4E1-8683-4060-86F1-D390A675F6F4}.Debug|Any CPU.ActiveCfg = Debug|Any CPU
		{1B88E4E1-8683-4060-86F1-D390A675F6F4}.Debug|Any CPU.Build.0 = Debug|Any CPU
		{1B88E4E1-8683-4060-86F1-D390A675F6F4}.Release|Any CPU.ActiveCfg = Release|Any CPU
		{1B88E4E1-8683-4060-86F1-D390A675F6F4}.Release|Any CPU.Build.0 = Release|Any CPU
		{B1D84BCE-C875-4465-A1A1-53506DA17DB2}.Debug|Any CPU.ActiveCfg = Debug|Any CPU
		{B1D84BCE-C875-4465-A1A1-53506DA17DB2}.Debug|Any CPU.Build.0 = Debug|Any CPU
		{B1D84BCE-C875-4465-A1A1-53506DA17DB2}.Release|Any CPU.ActiveCfg = Release|Any CPU
		{B1D84BCE-C875-4465-A1A1-53506DA17DB2}.Release|Any CPU.Build.0 = Release|Any CPU
		{BA85CE8A-560C-4B22-BAC2-9261EF033B6C}.Debug|Any CPU.ActiveCfg = Debug|Any CPU
		{BA85CE8A-560C-4B22-BAC2-9261EF033B6C}.Debug|Any CPU.Build.0 = Debug|Any CPU
		{BA85CE8A-560C-4B22-BAC2-9261EF033B6C}.Release|Any CPU.ActiveCfg = Release|Any CPU
		{BA85CE8A-560C-4B22-BAC2-9261EF033B6C}.Release|Any CPU.Build.0 = Release|Any CPU
	EndGlobalSection
	GlobalSection(SolutionProperties) = preSolution
		HideSolutionNode = FALSE
	EndGlobalSection
	GlobalSection(ExtensibilityGlobals) = postSolution
		SolutionGuid = {2EE0A1AF-F9C6-4136-A0BA-37870B3F0268}
	EndGlobalSection
EndGlobal
